
Microsoft Visual Studio Solution File, Format Version 12.00
# Visual Studio Version 16
VisualStudioVersion = 16.0.31605.320
MinimumVisualStudioVersion = 10.0.40219.1
Project("{8BC9CEB8-8B4A-11D0-8D11-00A0C91BC942}") = "Project1", "Project1\Project1.vcxproj", "{FA676B97-F846-467B-A070-E512CCDA641F}"
EndProject
Global
	GlobalSection(SolutionConfigurationPlatforms) = preSolution
		Debug|x64 = Debug|x64
		Debug|x86 = Debug|x86
		Release|x64 = Release|x64
		Release|x86 = Release|x86
	EndGlobalSection
	GlobalSection(ProjectConfigurationPlatforms) = postSolution
		{FA676B97-F846-467B-A070-E512CCDA641F}.Debug|x64.ActiveCfg = Debug|x64
		{FA676B97-F846-467B-A070-E512CCDA641F}.Debug|x64.Build.0 = Debug|x64
		{FA676B97-F846-467B-A070-E512CCDA641F}.Debug|x86.ActiveCfg = Debug|Win32
		{FA676B97-F846-467B-A070-E512CCDA641F}.Debug|x86.Build.0 = Debug|Win32
		{FA676B97-F846-467B-A070-E512CCDA641F}.Release|x64.ActiveCfg = Release|x64
		{FA676B97-F846-467B-A070-E512CCDA641F}.Release|x64.Build.0 = Release|x64
		{FA676B97-F846-467B-A070-E512CCDA641F}.Release|x86.ActiveCfg = Release|Win32
		{FA676B97-F846-467B-A070-E512CCDA641F}.Release|x86.Build.0 = Release|Win32
	EndGlobalSection
	GlobalSection(SolutionProperties) = preSolution
		HideSolutionNode = FALSE
	EndGlobalSection
	GlobalSection(ExtensibilityGlobals) = postSolution
		SolutionGuid = {6EE7AD3F-8921-4E04-946C-BC20EFBDE1F2}
	EndGlobalSection
EndGlobal
